
Microsoft Visual Studio Solution File, Format Version 12.00
# Visual Studio 15
VisualStudioVersion = 15.0.27004.2009
MinimumVisualStudioVersion = 10.0.40219.1
Project("{9A19103F-16F7-4668-BE54-9A1E7A4F7556}") = "RAaA.DAL", "RAaA.DAL\RAaA.DAL.csproj", "{1F80CB0C-93F5-4063-B951-43FDE6430669}"
EndProject
Project("{FAE04EC0-301F-11D3-BF4B-00C04F79EFBC}") = "RAaA.API", "RAaA.API\RAaA.API.csproj", "{DADCFCFC-13A4-450A-87FC-7B706E25A5E6}"
EndProject
Project("{FAE04EC0-301F-11D3-BF4B-00C04F79EFBC}") = "RAaA.WEB", "RAaA.WEB\RAaA.WEB.csproj", "{8D7CF39A-CE8E-4C07-AACA-CC15291D5DF1}"
EndProject
Global
	GlobalSection(SolutionConfigurationPlatforms) = preSolution
		Debug|Any CPU = Debug|Any CPU
		Release|Any CPU = Release|Any CPU
	EndGlobalSection
	GlobalSection(ProjectConfigurationPlatforms) = postSolution
		{1F80CB0C-93F5-4063-B951-43FDE6430669}.Debug|Any CPU.ActiveCfg = Debug|Any CPU
		{1F80CB0C-93F5-4063-B951-43FDE6430669}.Debug|Any CPU.Build.0 = Debug|Any CPU
		{1F80CB0C-93F5-4063-B951-43FDE6430669}.Release|Any CPU.ActiveCfg = Release|Any CPU
		{1F80CB0C-93F5-4063-B951-43FDE6430669}.Release|Any CPU.Build.0 = Release|Any CPU
		{DADCFCFC-13A4-450A-87FC-7B706E25A5E6}.Debug|Any CPU.ActiveCfg = Debug|Any CPU
		{DADCFCFC-13A4-450A-87FC-7B706E25A5E6}.Debug|Any CPU.Build.0 = Debug|Any CPU
		{DADCFCFC-13A4-450A-87FC-7B706E25A5E6}.Release|Any CPU.ActiveCfg = Release|Any CPU
		{DADCFCFC-13A4-450A-87FC-7B706E25A5E6}.Release|Any CPU.Build.0 = Release|Any CPU
		{8D7CF39A-CE8E-4C07-AACA-CC15291D5DF1}.Debug|Any CPU.ActiveCfg = Debug|Any CPU
		{8D7CF39A-CE8E-4C07-AACA-CC15291D5DF1}.Debug|Any CPU.Build.0 = Debug|Any CPU
		{8D7CF39A-CE8E-4C07-AACA-CC15291D5DF1}.Release|Any CPU.ActiveCfg = Release|Any CPU
		{8D7CF39A-CE8E-4C07-AACA-CC15291D5DF1}.Release|Any CPU.Build.0 = Release|Any CPU
	EndGlobalSection
	GlobalSection(SolutionProperties) = preSolution
		HideSolutionNode = FALSE
	EndGlobalSection
	GlobalSection(ExtensibilityGlobals) = postSolution
		SolutionGuid = {F8C79893-4176-4A84-B0AC-0E5E3B6499CD}
	EndGlobalSection
EndGlobal
